// !$*UTF8*$!
{
	archiveVersion = 1;
	classes = {
	};
	objectVersion = 56;
	objects = {

/* Begin PBXBuildFile section */
		1CDF40382B6DE3F000EC5BEC /* AppDelegate.swift in Sources */ = {isa = PBXBuildFile; fileRef = 1CDF40372B6DE3F000EC5BEC /* AppDelegate.swift */; };
		1CDF403A2B6DE3F000EC5BEC /* SceneDelegate.swift in Sources */ = {isa = PBXBuildFile; fileRef = 1CDF40392B6DE3F000EC5BEC /* SceneDelegate.swift */; };
		1CDF403C2B6DE3F000EC5BEC /* ListOfItemsViewController.swift in Sources */ = {isa = PBXBuildFile; fileRef = 1CDF403B2B6DE3F000EC5BEC /* ListOfItemsViewController.swift */; };
		1CDF403F2B6DE3F000EC5BEC /* Main.storyboard in Resources */ = {isa = PBXBuildFile; fileRef = 1CDF403D2B6DE3F000EC5BEC /* Main.storyboard */; };
		1CDF40412B6DE3F100EC5BEC /* Assets.xcassets in Resources */ = {isa = PBXBuildFile; fileRef = 1CDF40402B6DE3F100EC5BEC /* Assets.xcassets */; };
		1CDF40442B6DE3F100EC5BEC /* LaunchScreen.storyboard in Resources */ = {isa = PBXBuildFile; fileRef = 1CDF40422B6DE3F100EC5BEC /* LaunchScreen.storyboard */; };
		1CDF404F2B6DE3F200EC5BEC /* TestAsesoftwareTests.swift in Sources */ = {isa = PBXBuildFile; fileRef = 1CDF404E2B6DE3F200EC5BEC /* TestAsesoftwareTests.swift */; };
		1CDF40592B6DE3F200EC5BEC /* TestAsesoftwareUITests.swift in Sources */ = {isa = PBXBuildFile; fileRef = 1CDF40582B6DE3F200EC5BEC /* TestAsesoftwareUITests.swift */; };
		1CDF405B2B6DE3F200EC5BEC /* TestAsesoftwareUITestsLaunchTests.swift in Sources */ = {isa = PBXBuildFile; fileRef = 1CDF405A2B6DE3F200EC5BEC /* TestAsesoftwareUITestsLaunchTests.swift */; };
		1CDF40692B6DEA7100EC5BEC /* ListOfItemsPresenter.swift in Sources */ = {isa = PBXBuildFile; fileRef = 1CDF40682B6DEA7100EC5BEC /* ListOfItemsPresenter.swift */; };
		1CDF406B2B6DEA8400EC5BEC /* ListOfItemsInteractor.swift in Sources */ = {isa = PBXBuildFile; fileRef = 1CDF406A2B6DEA8400EC5BEC /* ListOfItemsInteractor.swift */; };
		1CDF406D2B6DEA9E00EC5BEC /* ListOfItemsRouter.swift in Sources */ = {isa = PBXBuildFile; fileRef = 1CDF406C2B6DEA9E00EC5BEC /* ListOfItemsRouter.swift */; };
/* End PBXBuildFile section */

/* Begin PBXContainerItemProxy section */
		1CDF404B2B6DE3F200EC5BEC /* PBXContainerItemProxy */ = {
			isa = PBXContainerItemProxy;
			containerPortal = 1CDF402C2B6DE3F000EC5BEC /* Project object */;
			proxyType = 1;
			remoteGlobalIDString = 1CDF40332B6DE3F000EC5BEC;
			remoteInfo = TestAsesoftware;
		};
		1CDF40552B6DE3F200EC5BEC /* PBXContainerItemProxy */ = {
			isa = PBXContainerItemProxy;
			containerPortal = 1CDF402C2B6DE3F000EC5BEC /* Project object */;
			proxyType = 1;
			remoteGlobalIDString = 1CDF40332B6DE3F000EC5BEC;
			remoteInfo = TestAsesoftware;
		};
/* End PBXContainerItemProxy section */

/* Begin PBXFileReference section */
		1CDF40342B6DE3F000EC5BEC /* TestAsesoftware.app */ = {isa = PBXFileReference; explicitFileType = wrapper.application; includeInIndex = 0; path = TestAsesoftware.app; sourceTree = BUILT_PRODUCTS_DIR; };
		1CDF40372B6DE3F000EC5BEC /* AppDelegate.swift */ = {isa = PBXFileReference; lastKnownFileType = sourcecode.swift; path = AppDelegate.swift; sourceTree = "<group>"; };
		1CDF40392B6DE3F000EC5BEC /* SceneDelegate.swift */ = {isa = PBXFileReference; lastKnownFileType = sourcecode.swift; path = SceneDelegate.swift; sourceTree = "<group>"; };
		1CDF403B2B6DE3F000EC5BEC /* ListOfItemsViewController.swift */ = {isa = PBXFileReference; lastKnownFileType = sourcecode.swift; path = ListOfItemsViewController.swift; sourceTree = "<group>"; };
		1CDF403E2B6DE3F000EC5BEC /* Base */ = {isa = PBXFileReference; lastKnownFileType = file.storyboard; name = Base; path = Base.lproj/Main.storyboard; sourceTree = "<group>"; };
		1CDF40402B6DE3F100EC5BEC /* Assets.xcassets */ = {isa = PBXFileReference; lastKnownFileType = folder.assetcatalog; path = Assets.xcassets; sourceTree = "<group>"; };
		1CDF40432B6DE3F100EC5BEC /* Base */ = {isa = PBXFileReference; lastKnownFileType = file.storyboard; name = Base; path = Base.lproj/LaunchScreen.storyboard; sourceTree = "<group>"; };
		1CDF40452B6DE3F100EC5BEC /* Info.plist */ = {isa = PBXFileReference; lastKnownFileType = text.plist.xml; path = Info.plist; sourceTree = "<group>"; };
		1CDF404A2B6DE3F200EC5BEC /* TestAsesoftwareTests.xctest */ = {isa = PBXFileReference; explicitFileType = wrapper.cfbundle; includeInIndex = 0; path = TestAsesoftwareTests.xctest; sourceTree = BUILT_PRODUCTS_DIR; };
		1CDF404E2B6DE3F200EC5BEC /* TestAsesoftwareTests.swift */ = {isa = PBXFileReference; lastKnownFileType = sourcecode.swift; path = TestAsesoftwareTests.swift; sourceTree = "<group>"; };
		1CDF40542B6DE3F200EC5BEC /* TestAsesoftwareUITests.xctest */ = {isa = PBXFileReference; explicitFileType = wrapper.cfbundle; includeInIndex = 0; path = TestAsesoftwareUITests.xctest; sourceTree = BUILT_PRODUCTS_DIR; };
		1CDF40582B6DE3F200EC5BEC /* TestAsesoftwareUITests.swift */ = {isa = PBXFileReference; lastKnownFileType = sourcecode.swift; path = TestAsesoftwareUITests.swift; sourceTree = "<group>"; };
		1CDF405A2B6DE3F200EC5BEC /* TestAsesoftwareUITestsLaunchTests.swift */ = {isa = PBXFileReference; lastKnownFileType = sourcecode.swift; path = TestAsesoftwareUITestsLaunchTests.swift; sourceTree = "<group>"; };
		1CDF40682B6DEA7100EC5BEC /* ListOfItemsPresenter.swift */ = {isa = PBXFileReference; lastKnownFileType = sourcecode.swift; path = ListOfItemsPresenter.swift; sourceTree = "<group>"; };
		1CDF406A2B6DEA8400EC5BEC /* ListOfItemsInteractor.swift */ = {isa = PBXFileReference; lastKnownFileType = sourcecode.swift; path = ListOfItemsInteractor.swift; sourceTree = "<group>"; };
		1CDF406C2B6DEA9E00EC5BEC /* ListOfItemsRouter.swift */ = {isa = PBXFileReference; lastKnownFileType = sourcecode.swift; path = ListOfItemsRouter.swift; sourceTree = "<group>"; };
/* End PBXFileReference section */

/* Begin PBXFrameworksBuildPhase section */
		1CDF40312B6DE3F000EC5BEC /* Frameworks */ = {
			isa = PBXFrameworksBuildPhase;
			buildActionMask = 2147483647;
			files = (
			);
			runOnlyForDeploymentPostprocessing = 0;
		};
		1CDF40472B6DE3F200EC5BEC /* Frameworks */ = {
			isa = PBXFrameworksBuildPhase;
			buildActionMask = 2147483647;
			files = (
			);
			runOnlyForDeploymentPostprocessing = 0;
		};
		1CDF40512B6DE3F200EC5BEC /* Frameworks */ = {
			isa = PBXFrameworksBuildPhase;
			buildActionMask = 2147483647;
			files = (
			);
			runOnlyForDeploymentPostprocessing = 0;
		};
/* End PBXFrameworksBuildPhase section */

/* Begin PBXGroup section */
		1CDF402B2B6DE3F000EC5BEC = {
			isa = PBXGroup;
			children = (
				1CDF40362B6DE3F000EC5BEC /* TestAsesoftware */,
				1CDF404D2B6DE3F200EC5BEC /* TestAsesoftwareTests */,
				1CDF40572B6DE3F200EC5BEC /* TestAsesoftwareUITests */,
				1CDF40352B6DE3F000EC5BEC /* Products */,
			);
			sourceTree = "<group>";
		};
		1CDF40352B6DE3F000EC5BEC /* Products */ = {
			isa = PBXGroup;
			children = (
				1CDF40342B6DE3F000EC5BEC /* TestAsesoftware.app */,
				1CDF404A2B6DE3F200EC5BEC /* TestAsesoftwareTests.xctest */,
				1CDF40542B6DE3F200EC5BEC /* TestAsesoftwareUITests.xctest */,
			);
			name = Products;
			sourceTree = "<group>";
		};
		1CDF40362B6DE3F000EC5BEC /* TestAsesoftware */ = {
			isa = PBXGroup;
			children = (
				1CDF40672B6DE94100EC5BEC /* ListOfItems */,
				1CDF40372B6DE3F000EC5BEC /* AppDelegate.swift */,
				1CDF40392B6DE3F000EC5BEC /* SceneDelegate.swift */,
				1CDF403D2B6DE3F000EC5BEC /* Main.storyboard */,
				1CDF40402B6DE3F100EC5BEC /* Assets.xcassets */,
				1CDF40422B6DE3F100EC5BEC /* LaunchScreen.storyboard */,
				1CDF40452B6DE3F100EC5BEC /* Info.plist */,
			);
			path = TestAsesoftware;
			sourceTree = "<group>";
		};
		1CDF404D2B6DE3F200EC5BEC /* TestAsesoftwareTests */ = {
			isa = PBXGroup;
			children = (
				1CDF404E2B6DE3F200EC5BEC /* TestAsesoftwareTests.swift */,
			);
			path = TestAsesoftwareTests;
			sourceTree = "<group>";
		};
		1CDF40572B6DE3F200EC5BEC /* TestAsesoftwareUITests */ = {
			isa = PBXGroup;
			children = (
				1CDF40582B6DE3F200EC5BEC /* TestAsesoftwareUITests.swift */,
				1CDF405A2B6DE3F200EC5BEC /* TestAsesoftwareUITestsLaunchTests.swift */,
			);
			path = TestAsesoftwareUITests;
			sourceTree = "<group>";
		};
		1CDF40672B6DE94100EC5BEC /* ListOfItems */ = {
			isa = PBXGroup;
			children = (
				1CDF403B2B6DE3F000EC5BEC /* ListOfItemsViewController.swift */,
				1CDF40682B6DEA7100EC5BEC /* ListOfItemsPresenter.swift */,
				1CDF406A2B6DEA8400EC5BEC /* ListOfItemsInteractor.swift */,
				1CDF406C2B6DEA9E00EC5BEC /* ListOfItemsRouter.swift */,
			);
			path = ListOfItems;
			sourceTree = "<group>";
		};
/* End PBXGroup section */

/* Begin PBXNativeTarget section */
		1CDF40332B6DE3F000EC5BEC /* TestAsesoftware */ = {
			isa = PBXNativeTarget;
			buildConfigurationList = 1CDF405E2B6DE3F200EC5BEC /* Build configuration list for PBXNativeTarget "TestAsesoftware" */;
			buildPhases = (
				1CDF40302B6DE3F000EC5BEC /* Sources */,
				1CDF40312B6DE3F000EC5BEC /* Frameworks */,
				1CDF40322B6DE3F000EC5BEC /* Resources */,
			);
			buildRules = (
			);
			dependencies = (
			);
			name = TestAsesoftware;
			productName = TestAsesoftware;
			productReference = 1CDF40342B6DE3F000EC5BEC /* TestAsesoftware.app */;
			productType = "com.apple.product-type.application";
		};
		1CDF40492B6DE3F200EC5BEC /* TestAsesoftwareTests */ = {
			isa = PBXNativeTarget;
			buildConfigurationList = 1CDF40612B6DE3F200EC5BEC /* Build configuration list for PBXNativeTarget "TestAsesoftwareTests" */;
			buildPhases = (
				1CDF40462B6DE3F200EC5BEC /* Sources */,
				1CDF40472B6DE3F200EC5BEC /* Frameworks */,
				1CDF40482B6DE3F200EC5BEC /* Resources */,
			);
			buildRules = (
			);
			dependencies = (
				1CDF404C2B6DE3F200EC5BEC /* PBXTargetDependency */,
			);
			name = TestAsesoftwareTests;
			productName = TestAsesoftwareTests;
			productReference = 1CDF404A2B6DE3F200EC5BEC /* TestAsesoftwareTests.xctest */;
			productType = "com.apple.product-type.bundle.unit-test";
		};
		1CDF40532B6DE3F200EC5BEC /* TestAsesoftwareUITests */ = {
			isa = PBXNativeTarget;
			buildConfigurationList = 1CDF40642B6DE3F200EC5BEC /* Build configuration list for PBXNativeTarget "TestAsesoftwareUITests" */;
			buildPhases = (
				1CDF40502B6DE3F200EC5BEC /* Sources */,
				1CDF40512B6DE3F200EC5BEC /* Frameworks */,
				1CDF40522B6DE3F200EC5BEC /* Resources */,
			);
			buildRules = (
			);
			dependencies = (
				1CDF40562B6DE3F200EC5BEC /* PBXTargetDependency */,
			);
			name = TestAsesoftwareUITests;
			productName = TestAsesoftwareUITests;
			productReference = 1CDF40542B6DE3F200EC5BEC /* TestAsesoftwareUITests.xctest */;
			productType = "com.apple.product-type.bundle.ui-testing";
		};
/* End PBXNativeTarget section */

/* Begin PBXProject section */
		1CDF402C2B6DE3F000EC5BEC /* Project object */ = {
			isa = PBXProject;
			attributes = {
				BuildIndependentTargetsInParallel = 1;
				LastSwiftUpdateCheck = 1520;
				LastUpgradeCheck = 1520;
				TargetAttributes = {
					1CDF40332B6DE3F000EC5BEC = {
						CreatedOnToolsVersion = 15.2;
					};
					1CDF40492B6DE3F200EC5BEC = {
						CreatedOnToolsVersion = 15.2;
						TestTargetID = 1CDF40332B6DE3F000EC5BEC;
					};
					1CDF40532B6DE3F200EC5BEC = {
						CreatedOnToolsVersion = 15.2;
						TestTargetID = 1CDF40332B6DE3F000EC5BEC;
					};
				};
			};
			buildConfigurationList = 1CDF402F2B6DE3F000EC5BEC /* Build configuration list for PBXProject "TestAsesoftware" */;
			compatibilityVersion = "Xcode 14.0";
			developmentRegion = en;
			hasScannedForEncodings = 0;
			knownRegions = (
				en,
				Base,
			);
			mainGroup = 1CDF402B2B6DE3F000EC5BEC;
			productRefGroup = 1CDF40352B6DE3F000EC5BEC /* Products */;
			projectDirPath = "";
			projectRoot = "";
			targets = (
				1CDF40332B6DE3F000EC5BEC /* TestAsesoftware */,
				1CDF40492B6DE3F200EC5BEC /* TestAsesoftwareTests */,
				1CDF40532B6DE3F200EC5BEC /* TestAsesoftwareUITests */,
			);
		};
/* End PBXProject section */

/* Begin PBXResourcesBuildPhase section */
		1CDF40322B6DE3F000EC5BEC /* Resources */ = {
			isa = PBXResourcesBuildPhase;
			buildActionMask = 2147483647;
			files = (
				1CDF40442B6DE3F100EC5BEC /* LaunchScreen.storyboard in Resources */,
				1CDF40412B6DE3F100EC5BEC /* Assets.xcassets in Resources */,
				1CDF403F2B6DE3F000EC5BEC /* Main.storyboard in Resources */,
			);
			runOnlyForDeploymentPostprocessing = 0;
		};
		1CDF40482B6DE3F200EC5BEC /* Resources */ = {
			isa = PBXResourcesBuildPhase;
			buildActionMask = 2147483647;
			files = (
			);
			runOnlyForDeploymentPostprocessing = 0;
		};
		1CDF40522B6DE3F200EC5BEC /* Resources */ = {
			isa = PBXResourcesBuildPhase;
			buildActionMask = 2147483647;
			files = (
			);
			runOnlyForDeploymentPostprocessing = 0;
		};
/* End PBXResourcesBuildPhase section */

/* Begin PBXSourcesBuildPhase section */
		1CDF40302B6DE3F000EC5BEC /* Sources */ = {
			isa = PBXSourcesBuildPhase;
			buildActionMask = 2147483647;
			files = (
				1CDF40692B6DEA7100EC5BEC /* ListOfItemsPresenter.swift in Sources */,
				1CDF406B2B6DEA8400EC5BEC /* ListOfItemsInteractor.swift in Sources */,
				1CDF406D2B6DEA9E00EC5BEC /* ListOfItemsRouter.swift in Sources */,
				1CDF403C2B6DE3F000EC5BEC /* ListOfItemsViewController.swift in Sources */,
				1CDF40382B6DE3F000EC5BEC /* AppDelegate.swift in Sources */,
				1CDF403A2B6DE3F000EC5BEC /* SceneDelegate.swift in Sources */,
			);
			runOnlyForDeploymentPostprocessing = 0;
		};
		1CDF40462B6DE3F200EC5BEC /* Sources */ = {
			isa = PBXSourcesBuildPhase;
			buildActionMask = 2147483647;
			files = (
				1CDF404F2B6DE3F200EC5BEC /* TestAsesoftwareTests.swift in Sources */,
			);
			runOnlyForDeploymentPostprocessing = 0;
		};
		1CDF40502B6DE3F200EC5BEC /* Sources */ = {
			isa = PBXSourcesBuildPhase;
			buildActionMask = 2147483647;
			files = (
				1CDF40592B6DE3F200EC5BEC /* TestAsesoftwareUITests.swift in Sources */,
				1CDF405B2B6DE3F200EC5BEC /* TestAsesoftwareUITestsLaunchTests.swift in Sources */,
			);
			runOnlyForDeploymentPostprocessing = 0;
		};
/* End PBXSourcesBuildPhase section */

/* Begin PBXTargetDependency section */
		1CDF404C2B6DE3F200EC5BEC /* PBXTargetDependency */ = {
			isa = PBXTargetDependency;
			target = 1CDF40332B6DE3F000EC5BEC /* TestAsesoftware */;
			targetProxy = 1CDF404B2B6DE3F200EC5BEC /* PBXContainerItemProxy */;
		};
		1CDF40562B6DE3F200EC5BEC /* PBXTargetDependency */ = {
			isa = PBXTargetDependency;
			target = 1CDF40332B6DE3F000EC5BEC /* TestAsesoftware */;
			targetProxy = 1CDF40552B6DE3F200EC5BEC /* PBXContainerItemProxy */;
		};
/* End PBXTargetDependency section */

/* Begin PBXVariantGroup section */
		1CDF403D2B6DE3F000EC5BEC /* Main.storyboard */ = {
			isa = PBXVariantGroup;
			children = (
				1CDF403E2B6DE3F000EC5BEC /* Base */,
			);
			name = Main.storyboard;
			sourceTree = "<group>";
		};
		1CDF40422B6DE3F100EC5BEC /* LaunchScreen.storyboard */ = {
			isa = PBXVariantGroup;
			children = (
				1CDF40432B6DE3F100EC5BEC /* Base */,
			);
			name = LaunchScreen.storyboard;
			sourceTree = "<group>";
		};
/* End PBXVariantGroup section */

/* Begin XCBuildConfiguration section */
		1CDF405C2B6DE3F200EC5BEC /* Debug */ = {
			isa = XCBuildConfiguration;
			buildSettings = {
				ALWAYS_SEARCH_USER_PATHS = NO;
				ASSETCATALOG_COMPILER_GENERATE_SWIFT_ASSET_SYMBOL_EXTENSIONS = YES;
				CLANG_ANALYZER_NONNULL = YES;
				CLANG_ANALYZER_NUMBER_OBJECT_CONVERSION = YES_AGGRESSIVE;
				CLANG_CXX_LANGUAGE_STANDARD = "gnu++20";
				CLANG_ENABLE_MODULES = YES;
				CLANG_ENABLE_OBJC_ARC = YES;
				CLANG_ENABLE_OBJC_WEAK = YES;
				CLANG_WARN_BLOCK_CAPTURE_AUTORELEASING = YES;
				CLANG_WARN_BOOL_CONVERSION = YES;
				CLANG_WARN_COMMA = YES;
				CLANG_WARN_CONSTANT_CONVERSION = YES;
				CLANG_WARN_DEPRECATED_OBJC_IMPLEMENTATIONS = YES;
				CLANG_WARN_DIRECT_OBJC_ISA_USAGE = YES_ERROR;
				CLANG_WARN_DOCUMENTATION_COMMENTS = YES;
				CLANG_WARN_EMPTY_BODY = YES;
				CLANG_WARN_ENUM_CONVERSION = YES;
				CLANG_WARN_INFINITE_RECURSION = YES;
				CLANG_WARN_INT_CONVERSION = YES;
				CLANG_WARN_NON_LITERAL_NULL_CONVERSION = YES;
				CLANG_WARN_OBJC_IMPLICIT_RETAIN_SELF = YES;
				CLANG_WARN_OBJC_LITERAL_CONVERSION = YES;
				CLANG_WARN_OBJC_ROOT_CLASS = YES_ERROR;
				CLANG_WARN_QUOTED_INCLUDE_IN_FRAMEWORK_HEADER = YES;
				CLANG_WARN_RANGE_LOOP_ANALYSIS = YES;
				CLANG_WARN_STRICT_PROTOTYPES = YES;
				CLANG_WARN_SUSPICIOUS_MOVE = YES;
				CLANG_WARN_UNGUARDED_AVAILABILITY = YES_AGGRESSIVE;
				CLANG_WARN_UNREACHABLE_CODE = YES;
				CLANG_WARN__DUPLICATE_METHOD_MATCH = YES;
				COPY_PHASE_STRIP = NO;
				DEBUG_INFORMATION_FORMAT = dwarf;
				ENABLE_STRICT_OBJC_MSGSEND = YES;
				ENABLE_TESTABILITY = YES;
				ENABLE_USER_SCRIPT_SANDBOXING = YES;
				GCC_C_LANGUAGE_STANDARD = gnu17;
				GCC_DYNAMIC_NO_PIC = NO;
				GCC_NO_COMMON_BLOCKS = YES;
				GCC_OPTIMIZATION_LEVEL = 0;
				GCC_PREPROCESSOR_DEFINITIONS = (
					"DEBUG=1",
					"$(inherited)",
				);
				GCC_WARN_64_TO_32_BIT_CONVERSION = YES;
				GCC_WARN_ABOUT_RETURN_TYPE = YES_ERROR;
				GCC_WARN_UNDECLARED_SELECTOR = YES;
				GCC_WARN_UNINITIALIZED_AUTOS = YES_AGGRESSIVE;
				GCC_WARN_UNUSED_FUNCTION = YES;
				GCC_WARN_UNUSED_VARIABLE = YES;
				IPHONEOS_DEPLOYMENT_TARGET = 17.2;
				LOCALIZATION_PREFERS_STRING_CATALOGS = YES;
				MTL_ENABLE_DEBUG_INFO = INCLUDE_SOURCE;
				MTL_FAST_MATH = YES;
				ONLY_ACTIVE_ARCH = YES;
				SDKROOT = iphoneos;
				SWIFT_ACTIVE_COMPILATION_CONDITIONS = "DEBUG $(inherited)";
				SWIFT_OPTIMIZATION_LEVEL = "-Onone";
			};
			name = Debug;
		};
		1CDF405D2B6DE3F200EC5BEC /* Release */ = {
			isa = XCBuildConfiguration;
			buildSettings = {
				ALWAYS_SEARCH_USER_PATHS = NO;
				ASSETCATALOG_COMPILER_GENERATE_SWIFT_ASSET_SYMBOL_EXTENSIONS = YES;
				CLANG_ANALYZER_NONNULL = YES;
				CLANG_ANALYZER_NUMBER_OBJECT_CONVERSION = YES_AGGRESSIVE;
				CLANG_CXX_LANGUAGE_STANDARD = "gnu++20";
				CLANG_ENABLE_MODULES = YES;
				CLANG_ENABLE_OBJC_ARC = YES;
				CLANG_ENABLE_OBJC_WEAK = YES;
				CLANG_WARN_BLOCK_CAPTURE_AUTORELEASING = YES;
				CLANG_WARN_BOOL_CONVERSION = YES;
				CLANG_WARN_COMMA = YES;
				CLANG_WARN_CONSTANT_CONVERSION = YES;
				CLANG_WARN_DEPRECATED_OBJC_IMPLEMENTATIONS = YES;
				CLANG_WARN_DIRECT_OBJC_ISA_USAGE = YES_ERROR;
				CLANG_WARN_DOCUMENTATION_COMMENTS = YES;
				CLANG_WARN_EMPTY_BODY = YES;
				CLANG_WARN_ENUM_CONVERSION = YES;
				CLANG_WARN_INFINITE_RECURSION = YES;
				CLANG_WARN_INT_CONVERSION = YES;
				CLANG_WARN_NON_LITERAL_NULL_CONVERSION = YES;
				CLANG_WARN_OBJC_IMPLICIT_RETAIN_SELF = YES;
				CLANG_WARN_OBJC_LITERAL_CONVERSION = YES;
				CLANG_WARN_OBJC_ROOT_CLASS = YES_ERROR;
				CLANG_WARN_QUOTED_INCLUDE_IN_FRAMEWORK_HEADER = YES;
				CLANG_WARN_RANGE_LOOP_ANALYSIS = YES;
				CLANG_WARN_STRICT_PROTOTYPES = YES;
				CLANG_WARN_SUSPICIOUS_MOVE = YES;
				CLANG_WARN_UNGUARDED_AVAILABILITY = YES_AGGRESSIVE;
				CLANG_WARN_UNREACHABLE_CODE = YES;
				CLANG_WARN__DUPLICATE_METHOD_MATCH = YES;
				COPY_PHASE_STRIP = NO;
				DEBUG_INFORMATION_FORMAT = "dwarf-with-dsym";
				ENABLE_NS_ASSERTIONS = NO;
				ENABLE_STRICT_OBJC_MSGSEND = YES;
				ENABLE_USER_SCRIPT_SANDBOXING = YES;
				GCC_C_LANGUAGE_STANDARD = gnu17;
				GCC_NO_COMMON_BLOCKS = YES;
				GCC_WARN_64_TO_32_BIT_CONVERSION = YES;
				GCC_WARN_ABOUT_RETURN_TYPE = YES_ERROR;
				GCC_WARN_UNDECLARED_SELECTOR = YES;
				GCC_WARN_UNINITIALIZED_AUTOS = YES_AGGRESSIVE;
				GCC_WARN_UNUSED_FUNCTION = YES;
				GCC_WARN_UNUSED_VARIABLE = YES;
				IPHONEOS_DEPLOYMENT_TARGET = 17.2;
				LOCALIZATION_PREFERS_STRING_CATALOGS = YES;
				MTL_ENABLE_DEBUG_INFO = NO;
				MTL_FAST_MATH = YES;
				SDKROOT = iphoneos;
				SWIFT_COMPILATION_MODE = wholemodule;
				VALIDATE_PRODUCT = YES;
			};
			name = Release;
		};
		1CDF405F2B6DE3F200EC5BEC /* Debug */ = {
			isa = XCBuildConfiguration;
			buildSettings = {
				ASSETCATALOG_COMPILER_APPICON_NAME = AppIcon;
				ASSETCATALOG_COMPILER_GLOBAL_ACCENT_COLOR_NAME = AccentColor;
				CODE_SIGN_STYLE = Automatic;
				CURRENT_PROJECT_VERSION = 1;
				DEVELOPMENT_TEAM = K6H8H2F87M;
				GENERATE_INFOPLIST_FILE = YES;
				INFOPLIST_FILE = TestAsesoftware/Info.plist;
				INFOPLIST_KEY_UIApplicationSupportsIndirectInputEvents = YES;
				INFOPLIST_KEY_UILaunchStoryboardName = LaunchScreen;
				INFOPLIST_KEY_UIMainStoryboardFile = Main;
				INFOPLIST_KEY_UISupportedInterfaceOrientations_iPad = "UIInterfaceOrientationPortrait UIInterfaceOrientationPortraitUpsideDown UIInterfaceOrientationLandscapeLeft UIInterfaceOrientationLandscapeRight";
				INFOPLIST_KEY_UISupportedInterfaceOrientations_iPhone = "UIInterfaceOrientationPortrait UIInterfaceOrientationLandscapeLeft UIInterfaceOrientationLandscapeRight";
				LD_RUNPATH_SEARCH_PATHS = (
					"$(inherited)",
					"@executable_path/Frameworks",
				);
				MARKETING_VERSION = 1.0;
				PRODUCT_BUNDLE_IDENTIFIER = com.michaelrodriguez.TestAsesoftware;
				PRODUCT_NAME = "$(TARGET_NAME)";
				SWIFT_EMIT_LOC_STRINGS = YES;
				SWIFT_VERSION = 5.0;
				TARGETED_DEVICE_FAMILY = "1,2";
			};
			name = Debug;
		};
		1CDF40602B6DE3F200EC5BEC /* Release */ = {
			isa = XCBuildConfiguration;
			buildSettings = {
				ASSETCATALOG_COMPILER_APPICON_NAME = AppIcon;
				ASSETCATALOG_COMPILER_GLOBAL_ACCENT_COLOR_NAME = AccentColor;
				CODE_SIGN_STYLE = Automatic;
				CURRENT_PROJECT_VERSION = 1;
				DEVELOPMENT_TEAM = K6H8H2F87M;
				GENERATE_INFOPLIST_FILE = YES;
				INFOPLIST_FILE = TestAsesoftware/Info.plist;
				INFOPLIST_KEY_UIApplicationSupportsIndirectInputEvents = YES;
				INFOPLIST_KEY_UILaunchStoryboardName = LaunchScreen;
				INFOPLIST_KEY_UIMainStoryboardFile = Main;
				INFOPLIST_KEY_UISupportedInterfaceOrientations_iPad = "UIInterfaceOrientationPortrait UIInterfaceOrientationPortraitUpsideDown UIInterfaceOrientationLandscapeLeft UIInterfaceOrientationLandscapeRight";
				INFOPLIST_KEY_UISupportedInterfaceOrientations_iPhone = "UIInterfaceOrientationPortrait UIInterfaceOrientationLandscapeLeft UIInterfaceOrientationLandscapeRight";
				LD_RUNPATH_SEARCH_PATHS = (
					"$(inherited)",
					"@executable_path/Frameworks",
				);
				MARKETING_VERSION = 1.0;
				PRODUCT_BUNDLE_IDENTIFIER = com.michaelrodriguez.TestAsesoftware;
				PRODUCT_NAME = "$(TARGET_NAME)";
				SWIFT_EMIT_LOC_STRINGS = YES;
				SWIFT_VERSION = 5.0;
				TARGETED_DEVICE_FAMILY = "1,2";
			};
			name = Release;
		};
		1CDF40622B6DE3F200EC5BEC /* Debug */ = {
			isa = XCBuildConfiguration;
			buildSettings = {
				ALWAYS_EMBED_SWIFT_STANDARD_LIBRARIES = YES;
				BUNDLE_LOADER = "$(TEST_HOST)";
				CODE_SIGN_STYLE = Automatic;
				CURRENT_PROJECT_VERSION = 1;
				DEVELOPMENT_TEAM = K6H8H2F87M;
				GENERATE_INFOPLIST_FILE = YES;
				IPHONEOS_DEPLOYMENT_TARGET = 17.2;
				MARKETING_VERSION = 1.0;
				PRODUCT_BUNDLE_IDENTIFIER = com.michaelrodriguez.TestAsesoftwareTests;
				PRODUCT_NAME = "$(TARGET_NAME)";
				SWIFT_EMIT_LOC_STRINGS = NO;
				SWIFT_VERSION = 5.0;
				TARGETED_DEVICE_FAMILY = "1,2";
				TEST_HOST = "$(BUILT_PRODUCTS_DIR)/TestAsesoftware.app/$(BUNDLE_EXECUTABLE_FOLDER_PATH)/TestAsesoftware";
			};
			name = Debug;
		};
		1CDF40632B6DE3F200EC5BEC /* Release */ = {
			isa = XCBuildConfiguration;
			buildSettings = {
				ALWAYS_EMBED_SWIFT_STANDARD_LIBRARIES = YES;
				BUNDLE_LOADER = "$(TEST_HOST)";
				CODE_SIGN_STYLE = Automatic;
				CURRENT_PROJECT_VERSION = 1;
				DEVELOPMENT_TEAM = K6H8H2F87M;
				GENERATE_INFOPLIST_FILE = YES;
				IPHONEOS_DEPLOYMENT_TARGET = 17.2;
				MARKETING_VERSION = 1.0;
				PRODUCT_BUNDLE_IDENTIFIER = com.michaelrodriguez.TestAsesoftwareTests;
				PRODUCT_NAME = "$(TARGET_NAME)";
				SWIFT_EMIT_LOC_STRINGS = NO;
				SWIFT_VERSION = 5.0;
				TARGETED_DEVICE_FAMILY = "1,2";
				TEST_HOST = "$(BUILT_PRODUCTS_DIR)/TestAsesoftware.app/$(BUNDLE_EXECUTABLE_FOLDER_PATH)/TestAsesoftware";
			};
			name = Release;
		};
		1CDF40652B6DE3F200EC5BEC /* Debug */ = {
			isa = XCBuildConfiguration;
			buildSettings = {
				ALWAYS_EMBED_SWIFT_STANDARD_LIBRARIES = YES;
				CODE_SIGN_STYLE = Automatic;
				CURRENT_PROJECT_VERSION = 1;
				DEVELOPMENT_TEAM = K6H8H2F87M;
				GENERATE_INFOPLIST_FILE = YES;
				MARKETING_VERSION = 1.0;
				PRODUCT_BUNDLE_IDENTIFIER = com.michaelrodriguez.TestAsesoftwareUITests;
				PRODUCT_NAME = "$(TARGET_NAME)";
				SWIFT_EMIT_LOC_STRINGS = NO;
				SWIFT_VERSION = 5.0;
				TARGETED_DEVICE_FAMILY = "1,2";
				TEST_TARGET_NAME = TestAsesoftware;
			};
			name = Debug;
		};
		1CDF40662B6DE3F200EC5BEC /* Release */ = {
			isa = XCBuildConfiguration;
			buildSettings = {
				ALWAYS_EMBED_SWIFT_STANDARD_LIBRARIES = YES;
				CODE_SIGN_STYLE = Automatic;
				CURRENT_PROJECT_VERSION = 1;
				DEVELOPMENT_TEAM = K6H8H2F87M;
				GENERATE_INFOPLIST_FILE = YES;
				MARKETING_VERSION = 1.0;
				PRODUCT_BUNDLE_IDENTIFIER = com.michaelrodriguez.TestAsesoftwareUITests;
				PRODUCT_NAME = "$(TARGET_NAME)";
				SWIFT_EMIT_LOC_STRINGS = NO;
				SWIFT_VERSION = 5.0;
				TARGETED_DEVICE_FAMILY = "1,2";
				TEST_TARGET_NAME = TestAsesoftware;
			};
			name = Release;
		};
/* End XCBuildConfiguration section */

/* Begin XCConfigurationList section */
		1CDF402F2B6DE3F000EC5BEC /* Build configuration list for PBXProject "TestAsesoftware" */ = {
			isa = XCConfigurationList;
			buildConfigurations = (
				1CDF405C2B6DE3F200EC5BEC /* Debug */,
				1CDF405D2B6DE3F200EC5BEC /* Release */,
			);
			defaultConfigurationIsVisible = 0;
			defaultConfigurationName = Release;
		};
		1CDF405E2B6DE3F200EC5BEC /* Build configuration list for PBXNativeTarget "TestAsesoftware" */ = {
			isa = XCConfigurationList;
			buildConfigurations = (
				1CDF405F2B6DE3F200EC5BEC /* Debug */,
				1CDF40602B6DE3F200EC5BEC /* Release */,
			);
			defaultConfigurationIsVisible = 0;
			defaultConfigurationName = Release;
		};
		1CDF40612B6DE3F200EC5BEC /* Build configuration list for PBXNativeTarget "TestAsesoftwareTests" */ = {
			isa = XCConfigurationList;
			buildConfigurations = (
				1CDF40622B6DE3F200EC5BEC /* Debug */,
				1CDF40632B6DE3F200EC5BEC /* Release */,
			);
			defaultConfigurationIsVisible = 0;
			defaultConfigurationName = Release;
		};
		1CDF40642B6DE3F200EC5BEC /* Build configuration list for PBXNativeTarget "TestAsesoftwareUITests" */ = {
			isa = XCConfigurationList;
			buildConfigurations = (
				1CDF40652B6DE3F200EC5BEC /* Debug */,
				1CDF40662B6DE3F200EC5BEC /* Release */,
			);
			defaultConfigurationIsVisible = 0;
			defaultConfigurationName = Release;
		};
/* End XCConfigurationList section */
	};
	rootObject = 1CDF402C2B6DE3F000EC5BEC /* Project object */;
}
